// !$*UTF8*$!
{
	archiveVersion = 1;
	classes = {
	};
	objectVersion = 46;
	objects = {

/* Begin PBXBuildFile section */
		1A39E1171EBF35F200B2D22C /* AppDelegate.swift in Sources */ = {isa = PBXBuildFile; fileRef = 1A39E1161EBF35F200B2D22C /* AppDelegate.swift */; };
		1A39E1191EBF35F200B2D22C /* ViewController.swift in Sources */ = {isa = PBXBuildFile; fileRef = 1A39E1181EBF35F200B2D22C /* ViewController.swift */; };
		1A39E11C1EBF35F200B2D22C /* Main.storyboard in Resources */ = {isa = PBXBuildFile; fileRef = 1A39E11A1EBF35F200B2D22C /* Main.storyboard */; };
		1A39E11F1EBF35F200B2D22C /* GMaps.xcdatamodeld in Sources */ = {isa = PBXBuildFile; fileRef = 1A39E11D1EBF35F200B2D22C /* GMaps.xcdatamodeld */; };
		1A39E1211EBF35F200B2D22C /* Assets.xcassets in Resources */ = {isa = PBXBuildFile; fileRef = 1A39E1201EBF35F200B2D22C /* Assets.xcassets */; };
		1A39E1241EBF35F200B2D22C /* LaunchScreen.storyboard in Resources */ = {isa = PBXBuildFile; fileRef = 1A39E1221EBF35F200B2D22C /* LaunchScreen.storyboard */; };
/* End PBXBuildFile section */

/* Begin PBXFileReference section */
		1A39E1131EBF35F200B2D22C /* GMaps.app */ = {isa = PBXFileReference; explicitFileType = wrapper.application; includeInIndex = 0; path = GMaps.app; sourceTree = BUILT_PRODUCTS_DIR; };
		1A39E1161EBF35F200B2D22C /* AppDelegate.swift */ = {isa = PBXFileReference; lastKnownFileType = sourcecode.swift; path = AppDelegate.swift; sourceTree = "<group>"; };
		1A39E1181EBF35F200B2D22C /* ViewController.swift */ = {isa = PBXFileReference; lastKnownFileType = sourcecode.swift; path = ViewController.swift; sourceTree = "<group>"; };
		1A39E11B1EBF35F200B2D22C /* Base */ = {isa = PBXFileReference; lastKnownFileType = file.storyboard; name = Base; path = Base.lproj/Main.storyboard; sourceTree = "<group>"; };
		1A39E11E1EBF35F200B2D22C /* GMaps.xcdatamodel */ = {isa = PBXFileReference; lastKnownFileType = wrapper.xcdatamodel; path = GMaps.xcdatamodel; sourceTree = "<group>"; };
		1A39E1201EBF35F200B2D22C /* Assets.xcassets */ = {isa = PBXFileReference; lastKnownFileType = folder.assetcatalog; path = Assets.xcassets; sourceTree = "<group>"; };
		1A39E1231EBF35F200B2D22C /* Base */ = {isa = PBXFileReference; lastKnownFileType = file.storyboard; name = Base; path = Base.lproj/LaunchScreen.storyboard; sourceTree = "<group>"; };
		1A39E1251EBF35F200B2D22C /* Info.plist */ = {isa = PBXFileReference; lastKnownFileType = text.plist.xml; path = Info.plist; sourceTree = "<group>"; };
/* End PBXFileReference section */

/* Begin PBXFrameworksBuildPhase section */
		1A39E1101EBF35F200B2D22C /* Frameworks */ = {
			isa = PBXFrameworksBuildPhase;
			buildActionMask = 2147483647;
			files = (
			);
			runOnlyForDeploymentPostprocessing = 0;
		};
/* End PBXFrameworksBuildPhase section */

/* Begin PBXGroup section */
		1A39E10A1EBF35F200B2D22C = {
			isa = PBXGroup;
			children = (
				1A39E1151EBF35F200B2D22C /* GMaps */,
				1A39E1141EBF35F200B2D22C /* Products */,
			);
			sourceTree = "<group>";
		};
		1A39E1141EBF35F200B2D22C /* Products */ = {
			isa = PBXGroup;
			children = (
				1A39E1131EBF35F200B2D22C /* GMaps.app */,
			);
			name = Products;
			sourceTree = "<group>";
		};
		1A39E1151EBF35F200B2D22C /* GMaps */ = {
			isa = PBXGroup;
			children = (
				1A39E1161EBF35F200B2D22C /* AppDelegate.swift */,
				1A39E1181EBF35F200B2D22C /* ViewController.swift */,
				1A39E11A1EBF35F200B2D22C /* Main.storyboard */,
				1A39E1201EBF35F200B2D22C /* Assets.xcassets */,
				1A39E1221EBF35F200B2D22C /* LaunchScreen.storyboard */,
				1A39E1251EBF35F200B2D22C /* Info.plist */,
				1A39E11D1EBF35F200B2D22C /* GMaps.xcdatamodeld */,
			);
			path = GMaps;
			sourceTree = "<group>";
		};
/* End PBXGroup section */

/* Begin PBXNativeTarget section */
		1A39E1121EBF35F200B2D22C /* GMaps */ = {
			isa = PBXNativeTarget;
			buildConfigurationList = 1A39E1281EBF35F200B2D22C /* Build configuration list for PBXNativeTarget "GMaps" */;
			buildPhases = (
				1A39E10F1EBF35F200B2D22C /* Sources */,
				1A39E1101EBF35F200B2D22C /* Frameworks */,
				1A39E1111EBF35F200B2D22C /* Resources */,
			);
			buildRules = (
			);
			dependencies = (
			);
			name = GMaps;
			productName = GMaps;
			productReference = 1A39E1131EBF35F200B2D22C /* GMaps.app */;
			productType = "com.apple.product-type.application";
		};
/* End PBXNativeTarget section */

/* Begin PBXProject section */
		1A39E10B1EBF35F200B2D22C /* Project object */ = {
			isa = PBXProject;
			attributes = {
				LastSwiftUpdateCheck = 0820;
				LastUpgradeCheck = 0820;
				ORGANIZATIONNAME = Lizan;
				TargetAttributes = {
					1A39E1121EBF35F200B2D22C = {
						CreatedOnToolsVersion = 8.2.1;
						ProvisioningStyle = Automatic;
					};
				};
			};
			buildConfigurationList = 1A39E10E1EBF35F200B2D22C /* Build configuration list for PBXProject "GMaps" */;
			compatibilityVersion = "Xcode 3.2";
			developmentRegion = English;
			hasScannedForEncodings = 0;
			knownRegions = (
				en,
				Base,
			);
			mainGroup = 1A39E10A1EBF35F200B2D22C;
			productRefGroup = 1A39E1141EBF35F200B2D22C /* Products */;
			projectDirPath = "";
			projectRoot = "";
			targets = (
				1A39E1121EBF35F200B2D22C /* GMaps */,
			);
		};
/* End PBXProject section */

/* Begin PBXResourcesBuildPhase section */
		1A39E1111EBF35F200B2D22C /* Resources */ = {
			isa = PBXResourcesBuildPhase;
			buildActionMask = 2147483647;
			files = (
				1A39E1241EBF35F200B2D22C /* LaunchScreen.storyboard in Resources */,
				1A39E1211EBF35F200B2D22C /* Assets.xcassets in Resources */,
				1A39E11C1EBF35F200B2D22C /* Main.storyboard in Resources */,
			);
			runOnlyForDeploymentPostprocessing = 0;
		};
/* End PBXResourcesBuildPhase section */

/* Begin PBXSourcesBuildPhase section */
		1A39E10F1EBF35F200B2D22C /* Sources */ = {
			isa = PBXSourcesBuildPhase;
			buildActionMask = 2147483647;
			files = (
				1A39E11F1EBF35F200B2D22C /* GMaps.xcdatamodeld in Sources */,
				1A39E1191EBF35F200B2D22C /* ViewController.swift in Sources */,
				1A39E1171EBF35F200B2D22C /* AppDelegate.swift in Sources */,
			);
			runOnlyForDeploymentPostprocessing = 0;
		};
/* End PBXSourcesBuildPhase section */

/* Begin PBXVariantGroup section */
		1A39E11A1EBF35F200B2D22C /* Main.storyboard */ = {
			isa = PBXVariantGroup;
			children = (
				1A39E11B1EBF35F200B2D22C /* Base */,
			);
			name = Main.storyboard;
			sourceTree = "<group>";
		};
		1A39E1221EBF35F200B2D22C /* LaunchScreen.storyboard */ = {
			isa = PBXVariantGroup;
			children = (
				1A39E1231EBF35F200B2D22C /* Base */,
			);
			name = LaunchScreen.storyboard;
			sourceTree = "<group>";
		};
/* End PBXVariantGroup section */

/* Begin XCBuildConfiguration section */
		1A39E1261EBF35F200B2D22C /* Debug */ = {
			isa = XCBuildConfiguration;
			buildSettings = {
				ALWAYS_SEARCH_USER_PATHS = NO;
				CLANG_ANALYZER_NONNULL = YES;
				CLANG_CXX_LANGUAGE_STANDARD = "gnu++0x";
				CLANG_CXX_LIBRARY = "libc++";
				CLANG_ENABLE_MODULES = YES;
				CLANG_ENABLE_OBJC_ARC = YES;
				CLANG_WARN_BOOL_CONVERSION = YES;
				CLANG_WARN_CONSTANT_CONVERSION = YES;
				CLANG_WARN_DIRECT_OBJC_ISA_USAGE = YES_ERROR;
				CLANG_WARN_DOCUMENTATION_COMMENTS = YES;
				CLANG_WARN_EMPTY_BODY = YES;
				CLANG_WARN_ENUM_CONVERSION = YES;
				CLANG_WARN_INFINITE_RECURSION = YES;
				CLANG_WARN_INT_CONVERSION = YES;
				CLANG_WARN_OBJC_ROOT_CLASS = YES_ERROR;
				CLANG_WARN_SUSPICIOUS_MOVE = YES;
				CLANG_WARN_UNREACHABLE_CODE = YES;
				CLANG_WARN__DUPLICATE_METHOD_MATCH = YES;
				"CODE_SIGN_IDENTITY[sdk=iphoneos*]" = "iPhone Developer";
				COPY_PHASE_STRIP = NO;
				DEBUG_INFORMATION_FORMAT = dwarf;
				ENABLE_STRICT_OBJC_MSGSEND = YES;
				ENABLE_TESTABILITY = YES;
				GCC_C_LANGUAGE_STANDARD = gnu99;
				GCC_DYNAMIC_NO_PIC = NO;
				GCC_NO_COMMON_BLOCKS = YES;
				GCC_OPTIMIZATION_LEVEL = 0;
				GCC_PREPROCESSOR_DEFINITIONS = (
					"DEBUG=1",
					"$(inherited)",
				);
				GCC_WARN_64_TO_32_BIT_CONVERSION = YES;
				GCC_WARN_ABOUT_RETURN_TYPE = YES_ERROR;
				GCC_WARN_UNDECLARED_SELECTOR = YES;
				GCC_WARN_UNINITIALIZED_AUTOS = YES_AGGRESSIVE;
				GCC_WARN_UNUSED_FUNCTION = YES;
				GCC_WARN_UNUSED_VARIABLE = YES;
				IPHONEOS_DEPLOYMENT_TARGET = 10.2;
				MTL_ENABLE_DEBUG_INFO = YES;
				ONLY_ACTIVE_ARCH = YES;
				SDKROOT = iphoneos;
				SWIFT_ACTIVE_COMPILATION_CONDITIONS = DEBUG;
				SWIFT_OPTIMIZATION_LEVEL = "-Onone";
				TARGETED_DEVICE_FAMILY = "1,2";
			};
			name = Debug;
		};
		1A39E1271EBF35F200B2D22C /* Release */ = {
			isa = XCBuildConfiguration;
			buildSettings = {
				ALWAYS_SEARCH_USER_PATHS = NO;
				CLANG_ANALYZER_NONNULL = YES;
				CLANG_CXX_LANGUAGE_STANDARD = "gnu++0x";
				CLANG_CXX_LIBRARY = "libc++";
				CLANG_ENABLE_MODULES = YES;
				CLANG_ENABLE_OBJC_ARC = YES;
				CLANG_WARN_BOOL_CONVERSION = YES;
				CLANG_WARN_CONSTANT_CONVERSION = YES;
				CLANG_WARN_DIRECT_OBJC_ISA_USAGE = YES_ERROR;
				CLANG_WARN_DOCUMENTATION_COMMENTS = YES;
				CLANG_WARN_EMPTY_BODY = YES;
				CLANG_WARN_ENUM_CONVERSION = YES;
				CLANG_WARN_INFINITE_RECURSION = YES;
				CLANG_WARN_INT_CONVERSION = YES;
				CLANG_WARN_OBJC_ROOT_CLASS = YES_ERROR;
				CLANG_WARN_SUSPICIOUS_MOVE = YES;
				CLANG_WARN_UNREACHABLE_CODE = YES;
				CLANG_WARN__DUPLICATE_METHOD_MATCH = YES;
				"CODE_SIGN_IDENTITY[sdk=iphoneos*]" = "iPhone Developer";
				COPY_PHASE_STRIP = NO;
				DEBUG_INFORMATION_FORMAT = "dwarf-with-dsym";
				ENABLE_NS_ASSERTIONS = NO;
				ENABLE_STRICT_OBJC_MSGSEND = YES;
				GCC_C_LANGUAGE_STANDARD = gnu99;
				GCC_NO_COMMON_BLOCKS = YES;
				GCC_WARN_64_TO_32_BIT_CONVERSION = YES;
				GCC_WARN_ABOUT_RETURN_TYPE = YES_ERROR;
				GCC_WARN_UNDECLARED_SELECTOR = YES;
				GCC_WARN_UNINITIALIZED_AUTOS = YES_AGGRESSIVE;
				GCC_WARN_UNUSED_FUNCTION = YES;
				GCC_WARN_UNUSED_VARIABLE = YES;
				IPHONEOS_DEPLOYMENT_TARGET = 10.2;
				MTL_ENABLE_DEBUG_INFO = NO;
				SDKROOT = iphoneos;
				SWIFT_OPTIMIZATION_LEVEL = "-Owholemodule";
				TARGETED_DEVICE_FAMILY = "1,2";
				VALIDATE_PRODUCT = YES;
			};
			name = Release;
		};
		1A39E1291EBF35F200B2D22C /* Debug */ = {
			isa = XCBuildConfiguration;
			buildSettings = {
				ASSETCATALOG_COMPILER_APPICON_NAME = AppIcon;
				INFOPLIST_FILE = GMaps/Info.plist;
				LD_RUNPATH_SEARCH_PATHS = "$(inherited) @executable_path/Frameworks";
				PRODUCT_BUNDLE_IDENTIFIER = com.GMaps;
				PRODUCT_NAME = "$(TARGET_NAME)";
				SWIFT_VERSION = 3.0;
			};
			name = Debug;
		};
		1A39E12A1EBF35F200B2D22C /* Release */ = {
			isa = XCBuildConfiguration;
			buildSettings = {
				ASSETCATALOG_COMPILER_APPICON_NAME = AppIcon;
				INFOPLIST_FILE = GMaps/Info.plist;
				LD_RUNPATH_SEARCH_PATHS = "$(inherited) @executable_path/Frameworks";
				PRODUCT_BUNDLE_IDENTIFIER = com.GMaps;
				PRODUCT_NAME = "$(TARGET_NAME)";
				SWIFT_VERSION = 3.0;
			};
			name = Release;
		};
/* End XCBuildConfiguration section */

/* Begin XCConfigurationList section */
		1A39E10E1EBF35F200B2D22C /* Build configuration list for PBXProject "GMaps" */ = {
			isa = XCConfigurationList;
			buildConfigurations = (
				1A39E1261EBF35F200B2D22C /* Debug */,
				1A39E1271EBF35F200B2D22C /* Release */,
			);
			defaultConfigurationIsVisible = 0;
			defaultConfigurationName = Release;
		};
		1A39E1281EBF35F200B2D22C /* Build configuration list for PBXNativeTarget "GMaps" */ = {
			isa = XCConfigurationList;
			buildConfigurations = (
				1A39E1291EBF35F200B2D22C /* Debug */,
				1A39E12A1EBF35F200B2D22C /* Release */,
			);
			defaultConfigurationIsVisible = 0;
		};
/* End XCConfigurationList section */

/* Begin XCVersionGroup section */
		1A39E11D1EBF35F200B2D22C /* GMaps.xcdatamodeld */ = {
			isa = XCVersionGroup;
			children = (
				1A39E11E1EBF35F200B2D22C /* GMaps.xcdatamodel */,
			);
			currentVersion = 1A39E11E1EBF35F200B2D22C /* GMaps.xcdatamodel */;
			path = GMaps.xcdatamodeld;
			sourceTree = "<group>";
			versionGroupType = wrapper.xcdatamodel;
		};
/* End XCVersionGroup section */
	};
	rootObject = 1A39E10B1EBF35F200B2D22C /* Project object */;
}
